// !$*UTF8*$!
{
	archiveVersion = 1;
	classes = {
	};
	objectVersion = 50;
	objects = {

/* Begin PBXBuildFile section */
		102466F8226347FA00F97105 /* AppDelegate.swift in Sources */ = {isa = PBXBuildFile; fileRef = 102466F7226347FA00F97105 /* AppDelegate.swift */; };
		102466FA226347FA00F97105 /* ViewController.swift in Sources */ = {isa = PBXBuildFile; fileRef = 102466F9226347FA00F97105 /* ViewController.swift */; };
		102466FD226347FA00F97105 /* Main.storyboard in Resources */ = {isa = PBXBuildFile; fileRef = 102466FB226347FA00F97105 /* Main.storyboard */; };
		102466FF226347FA00F97105 /* Assets.xcassets in Resources */ = {isa = PBXBuildFile; fileRef = 102466FE226347FA00F97105 /* Assets.xcassets */; };
		10246702226347FA00F97105 /* LaunchScreen.storyboard in Resources */ = {isa = PBXBuildFile; fileRef = 10246700226347FA00F97105 /* LaunchScreen.storyboard */; };
		1024670D226347FA00F97105 /* CoordinatorPatternTests.swift in Sources */ = {isa = PBXBuildFile; fileRef = 1024670C226347FA00F97105 /* CoordinatorPatternTests.swift */; };
		10246718226347FB00F97105 /* CoordinatorPatternUITests.swift in Sources */ = {isa = PBXBuildFile; fileRef = 10246717226347FB00F97105 /* CoordinatorPatternUITests.swift */; };
		102467272263483500F97105 /* RemoteContext.swift in Sources */ = {isa = PBXBuildFile; fileRef = 102467262263483500F97105 /* RemoteContext.swift */; };
		102467292263487C00F97105 /* EndPoint.swift in Sources */ = {isa = PBXBuildFile; fileRef = 102467282263487C00F97105 /* EndPoint.swift */; };
		1024672C22634AAB00F97105 /* Article.swift in Sources */ = {isa = PBXBuildFile; fileRef = 1024672B22634AAB00F97105 /* Article.swift */; };
		FD7EBC252267C4C60093147A /* Storyboarded.swift in Sources */ = {isa = PBXBuildFile; fileRef = FD7EBC242267C4C60093147A /* Storyboarded.swift */; };
		FD7EBC272267C88F0093147A /* MainCoordinator.swift in Sources */ = {isa = PBXBuildFile; fileRef = FD7EBC262267C88F0093147A /* MainCoordinator.swift */; };
		FD7EBC292267C8A40093147A /* Coordinator.swift in Sources */ = {isa = PBXBuildFile; fileRef = FD7EBC282267C8A40093147A /* Coordinator.swift */; };
/* End PBXBuildFile section */

/* Begin PBXContainerItemProxy section */
		10246709226347FA00F97105 /* PBXContainerItemProxy */ = {
			isa = PBXContainerItemProxy;
			containerPortal = 102466EC226347FA00F97105 /* Project object */;
			proxyType = 1;
			remoteGlobalIDString = 102466F3226347FA00F97105;
			remoteInfo = CoordinatorPattern;
		};
		10246714226347FB00F97105 /* PBXContainerItemProxy */ = {
			isa = PBXContainerItemProxy;
			containerPortal = 102466EC226347FA00F97105 /* Project object */;
			proxyType = 1;
			remoteGlobalIDString = 102466F3226347FA00F97105;
			remoteInfo = CoordinatorPattern;
		};
/* End PBXContainerItemProxy section */

/* Begin PBXFileReference section */
		102466F4226347FA00F97105 /* CoordinatorPattern.app */ = {isa = PBXFileReference; explicitFileType = wrapper.application; includeInIndex = 0; path = CoordinatorPattern.app; sourceTree = BUILT_PRODUCTS_DIR; };
		102466F7226347FA00F97105 /* AppDelegate.swift */ = {isa = PBXFileReference; lastKnownFileType = sourcecode.swift; path = AppDelegate.swift; sourceTree = "<group>"; };
		102466F9226347FA00F97105 /* ViewController.swift */ = {isa = PBXFileReference; lastKnownFileType = sourcecode.swift; path = ViewController.swift; sourceTree = "<group>"; };
		102466FC226347FA00F97105 /* Base */ = {isa = PBXFileReference; lastKnownFileType = file.storyboard; name = Base; path = Base.lproj/Main.storyboard; sourceTree = "<group>"; };
		102466FE226347FA00F97105 /* Assets.xcassets */ = {isa = PBXFileReference; lastKnownFileType = folder.assetcatalog; path = Assets.xcassets; sourceTree = "<group>"; };
		10246701226347FA00F97105 /* Base */ = {isa = PBXFileReference; lastKnownFileType = file.storyboard; name = Base; path = Base.lproj/LaunchScreen.storyboard; sourceTree = "<group>"; };
		10246703226347FA00F97105 /* Info.plist */ = {isa = PBXFileReference; lastKnownFileType = text.plist.xml; path = Info.plist; sourceTree = "<group>"; };
		10246708226347FA00F97105 /* CoordinatorPatternTests.xctest */ = {isa = PBXFileReference; explicitFileType = wrapper.cfbundle; includeInIndex = 0; path = CoordinatorPatternTests.xctest; sourceTree = BUILT_PRODUCTS_DIR; };
		1024670C226347FA00F97105 /* CoordinatorPatternTests.swift */ = {isa = PBXFileReference; lastKnownFileType = sourcecode.swift; path = CoordinatorPatternTests.swift; sourceTree = "<group>"; };
		1024670E226347FB00F97105 /* Info.plist */ = {isa = PBXFileReference; lastKnownFileType = text.plist.xml; path = Info.plist; sourceTree = "<group>"; };
		10246713226347FB00F97105 /* CoordinatorPatternUITests.xctest */ = {isa = PBXFileReference; explicitFileType = wrapper.cfbundle; includeInIndex = 0; path = CoordinatorPatternUITests.xctest; sourceTree = BUILT_PRODUCTS_DIR; };
		10246717226347FB00F97105 /* CoordinatorPatternUITests.swift */ = {isa = PBXFileReference; lastKnownFileType = sourcecode.swift; path = CoordinatorPatternUITests.swift; sourceTree = "<group>"; };
		10246719226347FB00F97105 /* Info.plist */ = {isa = PBXFileReference; lastKnownFileType = text.plist.xml; path = Info.plist; sourceTree = "<group>"; };
		102467262263483500F97105 /* RemoteContext.swift */ = {isa = PBXFileReference; lastKnownFileType = sourcecode.swift; path = RemoteContext.swift; sourceTree = "<group>"; };
		102467282263487C00F97105 /* EndPoint.swift */ = {isa = PBXFileReference; lastKnownFileType = sourcecode.swift; path = EndPoint.swift; sourceTree = "<group>"; };
		1024672B22634AAB00F97105 /* Article.swift */ = {isa = PBXFileReference; lastKnownFileType = sourcecode.swift; path = Article.swift; sourceTree = "<group>"; };
		FD7EBC242267C4C60093147A /* Storyboarded.swift */ = {isa = PBXFileReference; lastKnownFileType = sourcecode.swift; path = Storyboarded.swift; sourceTree = "<group>"; };
		FD7EBC262267C88F0093147A /* MainCoordinator.swift */ = {isa = PBXFileReference; lastKnownFileType = sourcecode.swift; path = MainCoordinator.swift; sourceTree = "<group>"; };
		FD7EBC282267C8A40093147A /* Coordinator.swift */ = {isa = PBXFileReference; lastKnownFileType = sourcecode.swift; path = Coordinator.swift; sourceTree = "<group>"; };
/* End PBXFileReference section */

/* Begin PBXFrameworksBuildPhase section */
		102466F1226347FA00F97105 /* Frameworks */ = {
			isa = PBXFrameworksBuildPhase;
			buildActionMask = 2147483647;
			files = (
			);
			runOnlyForDeploymentPostprocessing = 0;
		};
		10246705226347FA00F97105 /* Frameworks */ = {
			isa = PBXFrameworksBuildPhase;
			buildActionMask = 2147483647;
			files = (
			);
			runOnlyForDeploymentPostprocessing = 0;
		};
		10246710226347FB00F97105 /* Frameworks */ = {
			isa = PBXFrameworksBuildPhase;
			buildActionMask = 2147483647;
			files = (
			);
			runOnlyForDeploymentPostprocessing = 0;
		};
/* End PBXFrameworksBuildPhase section */

/* Begin PBXGroup section */
		102466EB226347FA00F97105 = {
			isa = PBXGroup;
			children = (
				102466F6226347FA00F97105 /* CoordinatorPattern */,
				1024670B226347FA00F97105 /* CoordinatorPatternTests */,
				10246716226347FB00F97105 /* CoordinatorPatternUITests */,
				102466F5226347FA00F97105 /* Products */,
			);
			sourceTree = "<group>";
		};
		102466F5226347FA00F97105 /* Products */ = {
			isa = PBXGroup;
			children = (
				102466F4226347FA00F97105 /* CoordinatorPattern.app */,
				10246708226347FA00F97105 /* CoordinatorPatternTests.xctest */,
				10246713226347FB00F97105 /* CoordinatorPatternUITests.xctest */,
			);
			name = Products;
			sourceTree = "<group>";
		};
		102466F6226347FA00F97105 /* CoordinatorPattern */ = {
			isa = PBXGroup;
			children = (
				102466F7226347FA00F97105 /* AppDelegate.swift */,
				FD7EBC232267C4B00093147A /* Coordinator */,
				1024672A22634A9D00F97105 /* Models */,
				102467252263482500F97105 /* Remote */,
				102466F9226347FA00F97105 /* ViewController.swift */,
				102466FB226347FA00F97105 /* Main.storyboard */,
				102466FE226347FA00F97105 /* Assets.xcassets */,
				10246700226347FA00F97105 /* LaunchScreen.storyboard */,
				10246703226347FA00F97105 /* Info.plist */,
			);
			path = CoordinatorPattern;
			sourceTree = "<group>";
		};
		1024670B226347FA00F97105 /* CoordinatorPatternTests */ = {
			isa = PBXGroup;
			children = (
				1024670C226347FA00F97105 /* CoordinatorPatternTests.swift */,
				1024670E226347FB00F97105 /* Info.plist */,
			);
			path = CoordinatorPatternTests;
			sourceTree = "<group>";
		};
		10246716226347FB00F97105 /* CoordinatorPatternUITests */ = {
			isa = PBXGroup;
			children = (
				10246717226347FB00F97105 /* CoordinatorPatternUITests.swift */,
				10246719226347FB00F97105 /* Info.plist */,
			);
			path = CoordinatorPatternUITests;
			sourceTree = "<group>";
		};
		102467252263482500F97105 /* Remote */ = {
			isa = PBXGroup;
			children = (
				102467262263483500F97105 /* RemoteContext.swift */,
				102467282263487C00F97105 /* EndPoint.swift */,
			);
			path = Remote;
			sourceTree = "<group>";
		};
		1024672A22634A9D00F97105 /* Models */ = {
			isa = PBXGroup;
			children = (
				1024672B22634AAB00F97105 /* Article.swift */,
			);
			path = Models;
			sourceTree = "<group>";
		};
		FD7EBC232267C4B00093147A /* Coordinator */ = {
			isa = PBXGroup;
			children = (
				FD7EBC242267C4C60093147A /* Storyboarded.swift */,
				FD7EBC262267C88F0093147A /* MainCoordinator.swift */,
				FD7EBC282267C8A40093147A /* Coordinator.swift */,
			);
			path = Coordinator;
			sourceTree = "<group>";
		};
/* End PBXGroup section */

/* Begin PBXNativeTarget section */
		102466F3226347FA00F97105 /* CoordinatorPattern */ = {
			isa = PBXNativeTarget;
			buildConfigurationList = 1024671C226347FB00F97105 /* Build configuration list for PBXNativeTarget "CoordinatorPattern" */;
			buildPhases = (
				102466F0226347FA00F97105 /* Sources */,
				102466F1226347FA00F97105 /* Frameworks */,
				102466F2226347FA00F97105 /* Resources */,
			);
			buildRules = (
			);
			dependencies = (
			);
			name = CoordinatorPattern;
			productName = CoordinatorPattern;
			productReference = 102466F4226347FA00F97105 /* CoordinatorPattern.app */;
			productType = "com.apple.product-type.application";
		};
		10246707226347FA00F97105 /* CoordinatorPatternTests */ = {
			isa = PBXNativeTarget;
			buildConfigurationList = 1024671F226347FB00F97105 /* Build configuration list for PBXNativeTarget "CoordinatorPatternTests" */;
			buildPhases = (
				10246704226347FA00F97105 /* Sources */,
				10246705226347FA00F97105 /* Frameworks */,
				10246706226347FA00F97105 /* Resources */,
			);
			buildRules = (
			);
			dependencies = (
				1024670A226347FA00F97105 /* PBXTargetDependency */,
			);
			name = CoordinatorPatternTests;
			productName = CoordinatorPatternTests;
			productReference = 10246708226347FA00F97105 /* CoordinatorPatternTests.xctest */;
			productType = "com.apple.product-type.bundle.unit-test";
		};
		10246712226347FB00F97105 /* CoordinatorPatternUITests */ = {
			isa = PBXNativeTarget;
			buildConfigurationList = 10246722226347FB00F97105 /* Build configuration list for PBXNativeTarget "CoordinatorPatternUITests" */;
			buildPhases = (
				1024670F226347FB00F97105 /* Sources */,
				10246710226347FB00F97105 /* Frameworks */,
				10246711226347FB00F97105 /* Resources */,
			);
			buildRules = (
			);
			dependencies = (
				10246715226347FB00F97105 /* PBXTargetDependency */,
			);
			name = CoordinatorPatternUITests;
			productName = CoordinatorPatternUITests;
			productReference = 10246713226347FB00F97105 /* CoordinatorPatternUITests.xctest */;
			productType = "com.apple.product-type.bundle.ui-testing";
		};
/* End PBXNativeTarget section */

/* Begin PBXProject section */
		102466EC226347FA00F97105 /* Project object */ = {
			isa = PBXProject;
			attributes = {
				LastSwiftUpdateCheck = 1010;
				LastUpgradeCheck = 1010;
				ORGANIZATIONNAME = "Ayman Ibrahim";
				TargetAttributes = {
					102466F3226347FA00F97105 = {
						CreatedOnToolsVersion = 10.1;
					};
					10246707226347FA00F97105 = {
						CreatedOnToolsVersion = 10.1;
						TestTargetID = 102466F3226347FA00F97105;
					};
					10246712226347FB00F97105 = {
						CreatedOnToolsVersion = 10.1;
						TestTargetID = 102466F3226347FA00F97105;
					};
				};
			};
			buildConfigurationList = 102466EF226347FA00F97105 /* Build configuration list for PBXProject "CoordinatorPattern" */;
			compatibilityVersion = "Xcode 9.3";
			developmentRegion = en;
			hasScannedForEncodings = 0;
			knownRegions = (
				en,
				Base,
			);
			mainGroup = 102466EB226347FA00F97105;
			productRefGroup = 102466F5226347FA00F97105 /* Products */;
			projectDirPath = "";
			projectRoot = "";
			targets = (
				102466F3226347FA00F97105 /* CoordinatorPattern */,
				10246707226347FA00F97105 /* CoordinatorPatternTests */,
				10246712226347FB00F97105 /* CoordinatorPatternUITests */,
			);
		};
/* End PBXProject section */

/* Begin PBXResourcesBuildPhase section */
		102466F2226347FA00F97105 /* Resources */ = {
			isa = PBXResourcesBuildPhase;
			buildActionMask = 2147483647;
			files = (
				10246702226347FA00F97105 /* LaunchScreen.storyboard in Resources */,
				102466FF226347FA00F97105 /* Assets.xcassets in Resources */,
				102466FD226347FA00F97105 /* Main.storyboard in Resources */,
			);
			runOnlyForDeploymentPostprocessing = 0;
		};
		10246706226347FA00F97105 /* Resources */ = {
			isa = PBXResourcesBuildPhase;
			buildActionMask = 2147483647;
			files = (
			);
			runOnlyForDeploymentPostprocessing = 0;
		};
		10246711226347FB00F97105 /* Resources */ = {
			isa = PBXResourcesBuildPhase;
			buildActionMask = 2147483647;
			files = (
			);
			runOnlyForDeploymentPostprocessing = 0;
		};
/* End PBXResourcesBuildPhase section */

/* Begin PBXSourcesBuildPhase section */
		102466F0226347FA00F97105 /* Sources */ = {
			isa = PBXSourcesBuildPhase;
			buildActionMask = 2147483647;
			files = (
				FD7EBC292267C8A40093147A /* Coordinator.swift in Sources */,
				1024672C22634AAB00F97105 /* Article.swift in Sources */,
				FD7EBC272267C88F0093147A /* MainCoordinator.swift in Sources */,
				102466FA226347FA00F97105 /* ViewController.swift in Sources */,
				102466F8226347FA00F97105 /* AppDelegate.swift in Sources */,
				102467292263487C00F97105 /* EndPoint.swift in Sources */,
				102467272263483500F97105 /* RemoteContext.swift in Sources */,
				FD7EBC252267C4C60093147A /* Storyboarded.swift in Sources */,
			);
			runOnlyForDeploymentPostprocessing = 0;
		};
		10246704226347FA00F97105 /* Sources */ = {
			isa = PBXSourcesBuildPhase;
			buildActionMask = 2147483647;
			files = (
				1024670D226347FA00F97105 /* CoordinatorPatternTests.swift in Sources */,
			);
			runOnlyForDeploymentPostprocessing = 0;
		};
		1024670F226347FB00F97105 /* Sources */ = {
			isa = PBXSourcesBuildPhase;
			buildActionMask = 2147483647;
			files = (
				10246718226347FB00F97105 /* CoordinatorPatternUITests.swift in Sources */,
			);
			runOnlyForDeploymentPostprocessing = 0;
		};
/* End PBXSourcesBuildPhase section */

/* Begin PBXTargetDependency section */
		1024670A226347FA00F97105 /* PBXTargetDependency */ = {
			isa = PBXTargetDependency;
			target = 102466F3226347FA00F97105 /* CoordinatorPattern */;
			targetProxy = 10246709226347FA00F97105 /* PBXContainerItemProxy */;
		};
		10246715226347FB00F97105 /* PBXTargetDependency */ = {
			isa = PBXTargetDependency;
			target = 102466F3226347FA00F97105 /* CoordinatorPattern */;
			targetProxy = 10246714226347FB00F97105 /* PBXContainerItemProxy */;
		};
/* End PBXTargetDependency section */

/* Begin PBXVariantGroup section */
		102466FB226347FA00F97105 /* Main.storyboard */ = {
			isa = PBXVariantGroup;
			children = (
				102466FC226347FA00F97105 /* Base */,
			);
			name = Main.storyboard;
			sourceTree = "<group>";
		};
		10246700226347FA00F97105 /* LaunchScreen.storyboard */ = {
			isa = PBXVariantGroup;
			children = (
				10246701226347FA00F97105 /* Base */,
			);
			name = LaunchScreen.storyboard;
			sourceTree = "<group>";
		};
/* End PBXVariantGroup section */

/* Begin XCBuildConfiguration section */
		1024671A226347FB00F97105 /* Debug */ = {
			isa = XCBuildConfiguration;
			buildSettings = {
				ALWAYS_SEARCH_USER_PATHS = NO;
				CLANG_ANALYZER_NONNULL = YES;
				CLANG_ANALYZER_NUMBER_OBJECT_CONVERSION = YES_AGGRESSIVE;
				CLANG_CXX_LANGUAGE_STANDARD = "gnu++14";
				CLANG_CXX_LIBRARY = "libc++";
				CLANG_ENABLE_MODULES = YES;
				CLANG_ENABLE_OBJC_ARC = YES;
				CLANG_ENABLE_OBJC_WEAK = YES;
				CLANG_WARN_BLOCK_CAPTURE_AUTORELEASING = YES;
				CLANG_WARN_BOOL_CONVERSION = YES;
				CLANG_WARN_COMMA = YES;
				CLANG_WARN_CONSTANT_CONVERSION = YES;
				CLANG_WARN_DEPRECATED_OBJC_IMPLEMENTATIONS = YES;
				CLANG_WARN_DIRECT_OBJC_ISA_USAGE = YES_ERROR;
				CLANG_WARN_DOCUMENTATION_COMMENTS = YES;
				CLANG_WARN_EMPTY_BODY = YES;
				CLANG_WARN_ENUM_CONVERSION = YES;
				CLANG_WARN_INFINITE_RECURSION = YES;
				CLANG_WARN_INT_CONVERSION = YES;
				CLANG_WARN_NON_LITERAL_NULL_CONVERSION = YES;
				CLANG_WARN_OBJC_IMPLICIT_RETAIN_SELF = YES;
				CLANG_WARN_OBJC_LITERAL_CONVERSION = YES;
				CLANG_WARN_OBJC_ROOT_CLASS = YES_ERROR;
				CLANG_WARN_RANGE_LOOP_ANALYSIS = YES;
				CLANG_WARN_STRICT_PROTOTYPES = YES;
				CLANG_WARN_SUSPICIOUS_MOVE = YES;
				CLANG_WARN_UNGUARDED_AVAILABILITY = YES_AGGRESSIVE;
				CLANG_WARN_UNREACHABLE_CODE = YES;
				CLANG_WARN__DUPLICATE_METHOD_MATCH = YES;
				CODE_SIGN_IDENTITY = "iPhone Developer";
				COPY_PHASE_STRIP = NO;
				DEBUG_INFORMATION_FORMAT = dwarf;
				ENABLE_STRICT_OBJC_MSGSEND = YES;
				ENABLE_TESTABILITY = YES;
				GCC_C_LANGUAGE_STANDARD = gnu11;
				GCC_DYNAMIC_NO_PIC = NO;
				GCC_NO_COMMON_BLOCKS = YES;
				GCC_OPTIMIZATION_LEVEL = 0;
				GCC_PREPROCESSOR_DEFINITIONS = (
					"DEBUG=1",
					"$(inherited)",
				);
				GCC_WARN_64_TO_32_BIT_CONVERSION = YES;
				GCC_WARN_ABOUT_RETURN_TYPE = YES_ERROR;
				GCC_WARN_UNDECLARED_SELECTOR = YES;
				GCC_WARN_UNINITIALIZED_AUTOS = YES_AGGRESSIVE;
				GCC_WARN_UNUSED_FUNCTION = YES;
				GCC_WARN_UNUSED_VARIABLE = YES;
				IPHONEOS_DEPLOYMENT_TARGET = 12.1;
				MTL_ENABLE_DEBUG_INFO = INCLUDE_SOURCE;
				MTL_FAST_MATH = YES;
				ONLY_ACTIVE_ARCH = YES;
				SDKROOT = iphoneos;
				SWIFT_ACTIVE_COMPILATION_CONDITIONS = DEBUG;
				SWIFT_OPTIMIZATION_LEVEL = "-Onone";
			};
			name = Debug;
		};
		1024671B226347FB00F97105 /* Release */ = {
			isa = XCBuildConfiguration;
			buildSettings = {
				ALWAYS_SEARCH_USER_PATHS = NO;
				CLANG_ANALYZER_NONNULL = YES;
				CLANG_ANALYZER_NUMBER_OBJECT_CONVERSION = YES_AGGRESSIVE;
				CLANG_CXX_LANGUAGE_STANDARD = "gnu++14";
				CLANG_CXX_LIBRARY = "libc++";
				CLANG_ENABLE_MODULES = YES;
				CLANG_ENABLE_OBJC_ARC = YES;
				CLANG_ENABLE_OBJC_WEAK = YES;
				CLANG_WARN_BLOCK_CAPTURE_AUTORELEASING = YES;
				CLANG_WARN_BOOL_CONVERSION = YES;
				CLANG_WARN_COMMA = YES;
				CLANG_WARN_CONSTANT_CONVERSION = YES;
				CLANG_WARN_DEPRECATED_OBJC_IMPLEMENTATIONS = YES;
				CLANG_WARN_DIRECT_OBJC_ISA_USAGE = YES_ERROR;
				CLANG_WARN_DOCUMENTATION_COMMENTS = YES;
				CLANG_WARN_EMPTY_BODY = YES;
				CLANG_WARN_ENUM_CONVERSION = YES;
				CLANG_WARN_INFINITE_RECURSION = YES;
				CLANG_WARN_INT_CONVERSION = YES;
				CLANG_WARN_NON_LITERAL_NULL_CONVERSION = YES;
				CLANG_WARN_OBJC_IMPLICIT_RETAIN_SELF = YES;
				CLANG_WARN_OBJC_LITERAL_CONVERSION = YES;
				CLANG_WARN_OBJC_ROOT_CLASS = YES_ERROR;
				CLANG_WARN_RANGE_LOOP_ANALYSIS = YES;
				CLANG_WARN_STRICT_PROTOTYPES = YES;
				CLANG_WARN_SUSPICIOUS_MOVE = YES;
				CLANG_WARN_UNGUARDED_AVAILABILITY = YES_AGGRESSIVE;
				CLANG_WARN_UNREACHABLE_CODE = YES;
				CLANG_WARN__DUPLICATE_METHOD_MATCH = YES;
				CODE_SIGN_IDENTITY = "iPhone Developer";
				COPY_PHASE_STRIP = NO;
				DEBUG_INFORMATION_FORMAT = "dwarf-with-dsym";
				ENABLE_NS_ASSERTIONS = NO;
				ENABLE_STRICT_OBJC_MSGSEND = YES;
				GCC_C_LANGUAGE_STANDARD = gnu11;
				GCC_NO_COMMON_BLOCKS = YES;
				GCC_WARN_64_TO_32_BIT_CONVERSION = YES;
				GCC_WARN_ABOUT_RETURN_TYPE = YES_ERROR;
				GCC_WARN_UNDECLARED_SELECTOR = YES;
				GCC_WARN_UNINITIALIZED_AUTOS = YES_AGGRESSIVE;
				GCC_WARN_UNUSED_FUNCTION = YES;
				GCC_WARN_UNUSED_VARIABLE = YES;
				IPHONEOS_DEPLOYMENT_TARGET = 12.1;
				MTL_ENABLE_DEBUG_INFO = NO;
				MTL_FAST_MATH = YES;
				SDKROOT = iphoneos;
				SWIFT_COMPILATION_MODE = wholemodule;
				SWIFT_OPTIMIZATION_LEVEL = "-O";
				VALIDATE_PRODUCT = YES;
			};
			name = Release;
		};
		1024671D226347FB00F97105 /* Debug */ = {
			isa = XCBuildConfiguration;
			buildSettings = {
				ASSETCATALOG_COMPILER_APPICON_NAME = AppIcon;
				CODE_SIGN_STYLE = Automatic;
				DEVELOPMENT_TEAM = JVNPP96NWC;
				INFOPLIST_FILE = CoordinatorPattern/Info.plist;
				LD_RUNPATH_SEARCH_PATHS = (
					"$(inherited)",
					"@executable_path/Frameworks",
				);
				PRODUCT_BUNDLE_IDENTIFIER = Thiqah.CoordinatorPattern;
				PRODUCT_NAME = "$(TARGET_NAME)";
				SWIFT_VERSION = 4.2;
				TARGETED_DEVICE_FAMILY = "1,2";
			};
			name = Debug;
		};
		1024671E226347FB00F97105 /* Release */ = {
			isa = XCBuildConfiguration;
			buildSettings = {
				ASSETCATALOG_COMPILER_APPICON_NAME = AppIcon;
				CODE_SIGN_STYLE = Automatic;
				DEVELOPMENT_TEAM = JVNPP96NWC;
				INFOPLIST_FILE = CoordinatorPattern/Info.plist;
				LD_RUNPATH_SEARCH_PATHS = (
					"$(inherited)",
					"@executable_path/Frameworks",
				);
				PRODUCT_BUNDLE_IDENTIFIER = Thiqah.CoordinatorPattern;
				PRODUCT_NAME = "$(TARGET_NAME)";
				SWIFT_VERSION = 4.2;
				TARGETED_DEVICE_FAMILY = "1,2";
			};
			name = Release;
		};
		10246720226347FB00F97105 /* Debug */ = {
			isa = XCBuildConfiguration;
			buildSettings = {
				ALWAYS_EMBED_SWIFT_STANDARD_LIBRARIES = YES;
				BUNDLE_LOADER = "$(TEST_HOST)";
				CODE_SIGN_STYLE = Automatic;
				DEVELOPMENT_TEAM = JVNPP96NWC;
				INFOPLIST_FILE = CoordinatorPatternTests/Info.plist;
				LD_RUNPATH_SEARCH_PATHS = (
					"$(inherited)",
					"@executable_path/Frameworks",
					"@loader_path/Frameworks",
				);
				PRODUCT_BUNDLE_IDENTIFIER = Thiqah.CoordinatorPatternTests;
				PRODUCT_NAME = "$(TARGET_NAME)";
				SWIFT_VERSION = 4.2;
				TARGETED_DEVICE_FAMILY = "1,2";
				TEST_HOST = "$(BUILT_PRODUCTS_DIR)/CoordinatorPattern.app/CoordinatorPattern";
			};
			name = Debug;
		};
		10246721226347FB00F97105 /* Release */ = {
			isa = XCBuildConfiguration;
			buildSettings = {
				ALWAYS_EMBED_SWIFT_STANDARD_LIBRARIES = YES;
				BUNDLE_LOADER = "$(TEST_HOST)";
				CODE_SIGN_STYLE = Automatic;
				DEVELOPMENT_TEAM = JVNPP96NWC;
				INFOPLIST_FILE = CoordinatorPatternTests/Info.plist;
				LD_RUNPATH_SEARCH_PATHS = (
					"$(inherited)",
					"@executable_path/Frameworks",
					"@loader_path/Frameworks",
				);
				PRODUCT_BUNDLE_IDENTIFIER = Thiqah.CoordinatorPatternTests;
				PRODUCT_NAME = "$(TARGET_NAME)";
				SWIFT_VERSION = 4.2;
				TARGETED_DEVICE_FAMILY = "1,2";
				TEST_HOST = "$(BUILT_PRODUCTS_DIR)/CoordinatorPattern.app/CoordinatorPattern";
			};
			name = Release;
		};
		10246723226347FB00F97105 /* Debug */ = {
			isa = XCBuildConfiguration;
			buildSettings = {
				ALWAYS_EMBED_SWIFT_STANDARD_LIBRARIES = YES;
				CODE_SIGN_STYLE = Automatic;
				DEVELOPMENT_TEAM = JVNPP96NWC;
				INFOPLIST_FILE = CoordinatorPatternUITests/Info.plist;
				LD_RUNPATH_SEARCH_PATHS = (
					"$(inherited)",
					"@executable_path/Frameworks",
					"@loader_path/Frameworks",
				);
				PRODUCT_BUNDLE_IDENTIFIER = Thiqah.CoordinatorPatternUITests;
				PRODUCT_NAME = "$(TARGET_NAME)";
				SWIFT_VERSION = 4.2;
				TARGETED_DEVICE_FAMILY = "1,2";
				TEST_TARGET_NAME = CoordinatorPattern;
			};
			name = Debug;
		};
		10246724226347FB00F97105 /* Release */ = {
			isa = XCBuildConfiguration;
			buildSettings = {
				ALWAYS_EMBED_SWIFT_STANDARD_LIBRARIES = YES;
				CODE_SIGN_STYLE = Automatic;
				DEVELOPMENT_TEAM = JVNPP96NWC;
				INFOPLIST_FILE = CoordinatorPatternUITests/Info.plist;
				LD_RUNPATH_SEARCH_PATHS = (
					"$(inherited)",
					"@executable_path/Frameworks",
					"@loader_path/Frameworks",
				);
				PRODUCT_BUNDLE_IDENTIFIER = Thiqah.CoordinatorPatternUITests;
				PRODUCT_NAME = "$(TARGET_NAME)";
				SWIFT_VERSION = 4.2;
				TARGETED_DEVICE_FAMILY = "1,2";
				TEST_TARGET_NAME = CoordinatorPattern;
			};
			name = Release;
		};
/* End XCBuildConfiguration section */

/* Begin XCConfigurationList section */
		102466EF226347FA00F97105 /* Build configuration list for PBXProject "CoordinatorPattern" */ = {
			isa = XCConfigurationList;
			buildConfigurations = (
				1024671A226347FB00F97105 /* Debug */,
				1024671B226347FB00F97105 /* Release */,
			);
			defaultConfigurationIsVisible = 0;
			defaultConfigurationName = Release;
		};
		1024671C226347FB00F97105 /* Build configuration list for PBXNativeTarget "CoordinatorPattern" */ = {
			isa = XCConfigurationList;
			buildConfigurations = (
				1024671D226347FB00F97105 /* Debug */,
				1024671E226347FB00F97105 /* Release */,
			);
			defaultConfigurationIsVisible = 0;
			defaultConfigurationName = Release;
		};
		1024671F226347FB00F97105 /* Build configuration list for PBXNativeTarget "CoordinatorPatternTests" */ = {
			isa = XCConfigurationList;
			buildConfigurations = (
				10246720226347FB00F97105 /* Debug */,
				10246721226347FB00F97105 /* Release */,
			);
			defaultConfigurationIsVisible = 0;
			defaultConfigurationName = Release;
		};
		10246722226347FB00F97105 /* Build configuration list for PBXNativeTarget "CoordinatorPatternUITests" */ = {
			isa = XCConfigurationList;
			buildConfigurations = (
				10246723226347FB00F97105 /* Debug */,
				10246724226347FB00F97105 /* Release */,
			);
			defaultConfigurationIsVisible = 0;
			defaultConfigurationName = Release;
		};
/* End XCConfigurationList section */
	};
	rootObject = 102466EC226347FA00F97105 /* Project object */;
}
